{
  "version": 4,
  "terraform_version": "1.5.3",
  "serial": 31,
  "lineage": "12b8ca8f-bf9a-5a92-2664-3d10ec72d973",
  "outputs": {},
  "resources": [
    {
      "mode": "managed",
      "type": "azurerm_availability_set",
      "name": "ghaf_az_tf_infra_availability_set",
      "provider": "provider[\"registry.terraform.io/hashicorp/azurerm\"]",
      "instances": [
        {
          "schema_version": 0,
          "attributes": {
            "id": "/subscriptions/ab019b18-dc67-4c87-885b-fcd6b5a39913/resourceGroups/ghaf-az-tf-infra/providers/Microsoft.Compute/availabilitySets/ghaf-az-tf-infra-availability-set",
            "location": "swedencentral",
            "managed": true,
            "name": "ghaf-az-tf-infra-availability-set",
            "platform_fault_domain_count": 2,
            "platform_update_domain_count": 2,
            "proximity_placement_group_id": null,
            "resource_group_name": "ghaf-az-tf-infra",
            "tags": {},
            "timeouts": null
          },
          "sensitive_attributes": [],
          "private": "eyJlMmJmYjczMC1lY2FhLTExZTYtOGY4OC0zNDM2M2JjN2M0YzAiOnsiY3JlYXRlIjoxODAwMDAwMDAwMDAwLCJkZWxldGUiOjE4MDAwMDAwMDAwMDAsInJlYWQiOjMwMDAwMDAwMDAwMCwidXBkYXRlIjoxODAwMDAwMDAwMDAwfX0=",
          "dependencies": [
            "azurerm_resource_group.ghaf_az_tf_infra"
          ]
        }
      ]
    },
    {
      "mode": "managed",
      "type": "azurerm_linux_virtual_machine",
      "name": "ghaf_aztfinfra_vm",
      "provider": "provider[\"registry.terraform.io/hashicorp/azurerm\"]",
      "instances": [
        {
          "schema_version": 0,
          "attributes": {
            "additional_capabilities": [],
            "admin_password": null,
            "admin_ssh_key": [
              {
                "public_key": "ssh-rsa AAAAB3NzaC1yc2EAAAADAQABAAABAQDe5L8iOqhNPsYz5eh9Bz/URYguG60JjMGmKG0wwLIb6Gf2M8Txzk24ESGbMR/F5RYsV1yWYOocL47ngDWQIbO6MGJ7ftUr7slWoUA/FSVwh/jsG681mRqIuJXjKM/YQhBkI9k6+eVxRfLDTs5XZfbwdm7T4aP8ZI2609VY0guXfa/F7DSE1BxN7IJMn0CWLQJanBpoYUxqyQXCUXgljMokdPjTrqAxlBluMsVTP+ZKDnjnpHcVE/hCKk5BxaU6K97OdeIOOEWXAd6uEHssomjtU7+7dhiZzjhzRPKDiSJDF9qtIw50kTHz6ZTdH8SAZmu0hsS6q8OmmDTAnt24dFJV karim@nixos\n",
                "username": "karim"
              }
            ],
            "admin_username": "karim",
            "allow_extension_operations": true,
            "availability_set_id": "",
            "boot_diagnostics": [],
            "bypass_platform_safety_checks_on_user_schedule_enabled": false,
            "capacity_reservation_group_id": "",
            "computer_name": "ghaf-aztfinfra",
            "custom_data": null,
            "dedicated_host_group_id": "",
            "dedicated_host_id": "",
            "disable_password_authentication": true,
            "edge_zone": "",
            "encryption_at_host_enabled": false,
            "eviction_policy": "",
            "extensions_time_budget": "PT1H30M",
            "gallery_application": [],
            "id": "/subscriptions/ab019b18-dc67-4c87-885b-fcd6b5a39913/resourceGroups/ghaf-az-tf-infra/providers/Microsoft.Compute/virtualMachines/ghaf-aztfinfra",
            "identity": [],
            "license_type": "",
            "location": "swedencentral",
            "max_bid_price": -1,
            "name": "ghaf-aztfinfra",
            "network_interface_ids": [
              "/subscriptions/ab019b18-dc67-4c87-885b-fcd6b5a39913/resourceGroups/ghaf-az-tf-infra/providers/Microsoft.Network/networkInterfaces/ghaf-az-tf-infra-net-int"
            ],
            "os_disk": [
              {
                "caching": "ReadWrite",
                "diff_disk_settings": [],
                "disk_encryption_set_id": "",
                "disk_size_gb": 30,
                "name": "ghaf-aztfinfra-disk",
                "secure_vm_disk_encryption_set_id": "",
                "security_encryption_type": "",
                "storage_account_type": "Standard_LRS",
                "write_accelerator_enabled": false
              }
            ],
            "patch_assessment_mode": "ImageDefault",
            "patch_mode": "ImageDefault",
            "plan": [],
            "platform_fault_domain": -1,
            "priority": "Regular",
            "private_ip_address": "10.0.2.4",
            "private_ip_addresses": [
              "10.0.2.4"
            ],
            "provision_vm_agent": true,
            "proximity_placement_group_id": "",
            "public_ip_address": "20.240.58.155",
            "public_ip_addresses": [
              "20.240.58.155"
            ],
            "reboot_setting": "",
            "resource_group_name": "ghaf-az-tf-infra",
            "secret": [],
            "secure_boot_enabled": false,
            "size": "Standard_DS1_v2",
            "source_image_id": "",
            "source_image_reference": [
              {
                "offer": "UbuntuServer",
                "publisher": "Canonical",
                "sku": "18.04-LTS",
                "version": "latest"
              }
            ],
            "tags": null,
            "termination_notification": null,
            "timeouts": null,
            "user_data": "",
            "virtual_machine_id": "ea64ebf7-f384-4649-9eb5-18fe88010757",
            "virtual_machine_scale_set_id": "",
            "vtpm_enabled": false,
            "zone": ""
          },
          "sensitive_attributes": [],
          "private": "eyJlMmJmYjczMC1lY2FhLTExZTYtOGY4OC0zNDM2M2JjN2M0YzAiOnsiY3JlYXRlIjoyNzAwMDAwMDAwMDAwLCJkZWxldGUiOjI3MDAwMDAwMDAwMDAsInJlYWQiOjMwMDAwMDAwMDAwMCwidXBkYXRlIjoyNzAwMDAwMDAwMDAwfX0=",
          "dependencies": [
            "azurerm_network_interface.ghaf_az_tf_infra_network_interface",
            "azurerm_resource_group.ghaf_az_tf_infra"
          ]
        }
      ]
    },
    {
      "mode": "managed",
      "type": "azurerm_network_interface",
      "name": "ghaf_az_tf_infra_network_interface",
      "provider": "provider[\"registry.terraform.io/hashicorp/azurerm\"]",
      "instances": [
        {
          "schema_version": 0,
          "attributes": {
            "applied_dns_servers": [],
            "auxiliary_mode": "",
            "auxiliary_sku": "",
            "dns_servers": [],
            "edge_zone": "",
            "enable_accelerated_networking": false,
            "enable_ip_forwarding": false,
            "id": "/subscriptions/ab019b18-dc67-4c87-885b-fcd6b5a39913/resourceGroups/ghaf-az-tf-infra/providers/Microsoft.Network/networkInterfaces/ghaf-az-tf-infra-net-int",
            "internal_dns_name_label": "",
            "internal_domain_name_suffix": "nk1gvj2if5wubb5mys32kgh3ec.gvxx.internal.cloudapp.net",
            "ip_configuration": [
              {
                "gateway_load_balancer_frontend_ip_configuration_id": "",
                "name": "ghaf-az_tf_infra_nic_configuration",
                "primary": true,
                "private_ip_address": "10.0.2.4",
                "private_ip_address_allocation": "Static",
                "private_ip_address_version": "IPv4",
                "public_ip_address_id": "/subscriptions/ab019b18-dc67-4c87-885b-fcd6b5a39913/resourceGroups/ghaf-az-tf-infra/providers/Microsoft.Network/publicIPAddresses/ghaf-az-tf-infra-public-ip",
                "subnet_id": "/subscriptions/ab019b18-dc67-4c87-885b-fcd6b5a39913/resourceGroups/ghaf-az-tf-infra/providers/Microsoft.Network/virtualNetworks/ghaf-az-tf-infra-vnet/subnets/ghaf-az-tf-infra-subnet"
              }
            ],
            "location": "swedencentral",
            "mac_address": "",
            "name": "ghaf-az-tf-infra-net-int",
            "private_ip_address": "10.0.2.4",
            "private_ip_addresses": [
              "10.0.2.4"
            ],
            "resource_group_name": "ghaf-az-tf-infra",
            "tags": {},
            "timeouts": null,
            "virtual_machine_id": ""
          },
          "sensitive_attributes": [],
          "private": "eyJlMmJmYjczMC1lY2FhLTExZTYtOGY4OC0zNDM2M2JjN2M0YzAiOnsiY3JlYXRlIjoxODAwMDAwMDAwMDAwLCJkZWxldGUiOjE4MDAwMDAwMDAwMDAsInJlYWQiOjMwMDAwMDAwMDAwMCwidXBkYXRlIjoxODAwMDAwMDAwMDAwfX0=",
          "dependencies": [
            "azurerm_public_ip.ghaf_az_tf_infra_public_ip",
            "azurerm_resource_group.ghaf_az_tf_infra",
            "azurerm_subnet.ghaf_az_tf_infra_subnet",
            "azurerm_virtual_network.ghaf_az_tf_infra_vnet"
          ]
        }
      ]
    },
    {
      "mode": "managed",
      "type": "azurerm_network_security_group",
      "name": "ghaf_az_tf_infra_nsg",
      "provider": "provider[\"registry.terraform.io/hashicorp/azurerm\"]",
      "instances": [
        {
          "schema_version": 0,
          "attributes": {
            "id": "/subscriptions/ab019b18-dc67-4c87-885b-fcd6b5a39913/resourceGroups/ghaf-az-tf-infra/providers/Microsoft.Network/networkSecurityGroups/ghaf-az-tf-infra-nsg",
            "location": "swedencentral",
            "name": "ghaf-az-tf-infra-nsg",
            "resource_group_name": "ghaf-az-tf-infra",
            "security_rule": [
              {
                "access": "Allow",
                "description": "",
                "destination_address_prefix": "*",
                "destination_address_prefixes": [],
                "destination_application_security_group_ids": [],
                "destination_port_range": "22",
                "destination_port_ranges": [],
                "direction": "Inbound",
                "name": "SSH",
                "priority": 300,
                "protocol": "Tcp",
                "source_address_prefix": "*",
                "source_address_prefixes": [],
                "source_application_security_group_ids": [],
                "source_port_range": "*",
                "source_port_ranges": []
              }
            ],
            "tags": {},
            "timeouts": null
          },
          "sensitive_attributes": [],
          "private": "eyJlMmJmYjczMC1lY2FhLTExZTYtOGY4OC0zNDM2M2JjN2M0YzAiOnsiY3JlYXRlIjoxODAwMDAwMDAwMDAwLCJkZWxldGUiOjE4MDAwMDAwMDAwMDAsInJlYWQiOjMwMDAwMDAwMDAwMCwidXBkYXRlIjoxODAwMDAwMDAwMDAwfX0=",
          "dependencies": [
            "azurerm_resource_group.ghaf_az_tf_infra"
          ]
        }
      ]
    },
    {
      "mode": "managed",
      "type": "azurerm_public_ip",
      "name": "ghaf_az_tf_infra_public_ip",
      "provider": "provider[\"registry.terraform.io/hashicorp/azurerm\"]",
      "instances": [
        {
          "schema_version": 0,
          "attributes": {
            "allocation_method": "Static",
            "ddos_protection_mode": "VirtualNetworkInherited",
            "ddos_protection_plan_id": null,
            "domain_name_label": "ghafaztfinfra",
            "edge_zone": "",
            "fqdn": "ghafaztfinfra.swedencentral.cloudapp.azure.com",
            "id": "/subscriptions/ab019b18-dc67-4c87-885b-fcd6b5a39913/resourceGroups/ghaf-az-tf-infra/providers/Microsoft.Network/publicIPAddresses/ghaf-az-tf-infra-public-ip",
            "idle_timeout_in_minutes": 4,
            "ip_address": "20.240.58.155",
            "ip_tags": {},
            "ip_version": "IPv4",
            "location": "swedencentral",
            "name": "ghaf-az-tf-infra-public-ip",
            "public_ip_prefix_id": null,
            "resource_group_name": "ghaf-az-tf-infra",
            "reverse_fqdn": "",
            "sku": "Basic",
            "sku_tier": "Regional",
            "tags": {},
            "timeouts": null,
            "zones": []
          },
          "sensitive_attributes": [],
          "private": "eyJlMmJmYjczMC1lY2FhLTExZTYtOGY4OC0zNDM2M2JjN2M0YzAiOnsiY3JlYXRlIjoxODAwMDAwMDAwMDAwLCJkZWxldGUiOjE4MDAwMDAwMDAwMDAsInJlYWQiOjMwMDAwMDAwMDAwMCwidXBkYXRlIjoxODAwMDAwMDAwMDAwfX0=",
          "dependencies": [
            "azurerm_resource_group.ghaf_az_tf_infra"
          ]
        }
      ]
    },
    {
      "mode": "managed",
      "type": "azurerm_resource_group",
      "name": "ghaf_az_tf_infra",
      "provider": "provider[\"registry.terraform.io/hashicorp/azurerm\"]",
      "instances": [
        {
          "schema_version": 0,
          "attributes": {
            "id": "/subscriptions/ab019b18-dc67-4c87-885b-fcd6b5a39913/resourceGroups/ghaf-az-tf-infra",
            "location": "swedencentral",
            "managed_by": "",
            "name": "ghaf-az-tf-infra",
            "tags": {},
            "timeouts": null
          },
          "sensitive_attributes": [],
          "private": "eyJlMmJmYjczMC1lY2FhLTExZTYtOGY4OC0zNDM2M2JjN2M0YzAiOnsiY3JlYXRlIjo1NDAwMDAwMDAwMDAwLCJkZWxldGUiOjU0MDAwMDAwMDAwMDAsInJlYWQiOjMwMDAwMDAwMDAwMCwidXBkYXRlIjo1NDAwMDAwMDAwMDAwfX0="
        }
      ]
    },
    {
      "mode": "managed",
      "type": "azurerm_subnet",
      "name": "ghaf_az_tf_infra_subnet",
      "provider": "provider[\"registry.terraform.io/hashicorp/azurerm\"]",
      "instances": [
        {
          "schema_version": 0,
          "attributes": {
            "address_prefixes": [
              "10.0.2.0/24"
            ],
            "delegation": [],
            "enforce_private_link_endpoint_network_policies": false,
            "enforce_private_link_service_network_policies": false,
            "id": "/subscriptions/ab019b18-dc67-4c87-885b-fcd6b5a39913/resourceGroups/ghaf-az-tf-infra/providers/Microsoft.Network/virtualNetworks/ghaf-az-tf-infra-vnet/subnets/ghaf-az-tf-infra-subnet",
            "name": "ghaf-az-tf-infra-subnet",
            "private_endpoint_network_policies_enabled": true,
            "private_link_service_network_policies_enabled": true,
            "resource_group_name": "ghaf-az-tf-infra",
            "service_endpoint_policy_ids": [],
            "service_endpoints": [],
            "timeouts": null,
            "virtual_network_name": "ghaf-az-tf-infra-vnet"
          },
          "sensitive_attributes": [],
          "private": "eyJlMmJmYjczMC1lY2FhLTExZTYtOGY4OC0zNDM2M2JjN2M0YzAiOnsiY3JlYXRlIjoxODAwMDAwMDAwMDAwLCJkZWxldGUiOjE4MDAwMDAwMDAwMDAsInJlYWQiOjMwMDAwMDAwMDAwMCwidXBkYXRlIjoxODAwMDAwMDAwMDAwfX0=",
          "dependencies": [
            "azurerm_resource_group.ghaf_az_tf_infra",
            "azurerm_virtual_network.ghaf_az_tf_infra_vnet"
          ]
        }
      ]
    },
    {
      "mode": "managed",
      "type": "azurerm_virtual_network",
      "name": "ghaf_az_tf_infra_vnet",
      "provider": "provider[\"registry.terraform.io/hashicorp/azurerm\"]",
      "instances": [
        {
          "schema_version": 0,
          "attributes": {
            "address_space": [
              "10.0.0.0/16"
            ],
            "bgp_community": "",
            "ddos_protection_plan": [],
            "dns_servers": [],
            "edge_zone": "",
            "encryption": [],
            "flow_timeout_in_minutes": 0,
            "guid": "a76ab66a-2f88-40ed-87ec-c4bbc518fd22",
            "id": "/subscriptions/ab019b18-dc67-4c87-885b-fcd6b5a39913/resourceGroups/ghaf-az-tf-infra/providers/Microsoft.Network/virtualNetworks/ghaf-az-tf-infra-vnet",
            "location": "swedencentral",
            "name": "ghaf-az-tf-infra-vnet",
            "resource_group_name": "ghaf-az-tf-infra",
            "subnet": [
              {
                "address_prefix": "10.0.2.0/24",
                "id": "/subscriptions/ab019b18-dc67-4c87-885b-fcd6b5a39913/resourceGroups/ghaf-az-tf-infra/providers/Microsoft.Network/virtualNetworks/ghaf-az-tf-infra-vnet/subnets/ghaf-az-tf-infra-subnet",
                "name": "ghaf-az-tf-infra-subnet",
                "security_group": ""
              }
            ],
            "tags": {},
            "timeouts": null
          },
          "sensitive_attributes": [],
          "private": "eyJlMmJmYjczMC1lY2FhLTExZTYtOGY4OC0zNDM2M2JjN2M0YzAiOnsiY3JlYXRlIjoxODAwMDAwMDAwMDAwLCJkZWxldGUiOjE4MDAwMDAwMDAwMDAsInJlYWQiOjMwMDAwMDAwMDAwMCwidXBkYXRlIjoxODAwMDAwMDAwMDAwfX0=",
          "dependencies": [
            "azurerm_resource_group.ghaf_az_tf_infra"
          ]
        }
      ]
    }
  ],
  "check_results": null
}
